
Microsoft Visual Studio Solution File, Format Version 12.00
# Visual Studio Version 16
VisualStudioVersion = 16.0.30621.155
MinimumVisualStudioVersion = 10.0.40219.1
Project("{FAE04EC0-301F-11D3-BF4B-00C04F79EFBC}") = "ArraysAndLists", "ArraysAndLists\ArraysAndLists.csproj", "{0EF015FE-F87E-4D56-827C-BF1512317771}"
EndProject
Global
	GlobalSection(SolutionConfigurationPlatforms) = preSolution
		Debug|Any CPU = Debug|Any CPU
		Release|Any CPU = Release|Any CPU
	EndGlobalSection
	GlobalSection(ProjectConfigurationPlatforms) = postSolution
		{0EF015FE-F87E-4D56-827C-BF1512317771}.Debug|Any CPU.ActiveCfg = Debug|Any CPU
		{0EF015FE-F87E-4D56-827C-BF1512317771}.Debug|Any CPU.Build.0 = Debug|Any CPU
		{0EF015FE-F87E-4D56-827C-BF1512317771}.Release|Any CPU.ActiveCfg = Release|Any CPU
		{0EF015FE-F87E-4D56-827C-BF1512317771}.Release|Any CPU.Build.0 = Release|Any CPU
	EndGlobalSection
	GlobalSection(SolutionProperties) = preSolution
		HideSolutionNode = FALSE
	EndGlobalSection
	GlobalSection(ExtensibilityGlobals) = postSolution
		SolutionGuid = {7C37FA32-6E04-4EED-BFF6-CEE97EBEDD23}
	EndGlobalSection
EndGlobal
