
Microsoft Visual Studio Solution File, Format Version 12.00
# Visual Studio Version 16
VisualStudioVersion = 16.0.30717.126
MinimumVisualStudioVersion = 10.0.40219.1
Project("{FAE04EC0-301F-11D3-BF4B-00C04F79EFBC}") = "LogExercise", "LogExercise\LogExercise.csproj", "{DA4F29AC-9003-438B-9BF2-24EFBAC0F24F}"
EndProject
Global
	GlobalSection(SolutionConfigurationPlatforms) = preSolution
		Debug|Any CPU = Debug|Any CPU
		Release|Any CPU = Release|Any CPU
	EndGlobalSection
	GlobalSection(ProjectConfigurationPlatforms) = postSolution
		{DA4F29AC-9003-438B-9BF2-24EFBAC0F24F}.Debug|Any CPU.ActiveCfg = Debug|Any CPU
		{DA4F29AC-9003-438B-9BF2-24EFBAC0F24F}.Debug|Any CPU.Build.0 = Debug|Any CPU
		{DA4F29AC-9003-438B-9BF2-24EFBAC0F24F}.Release|Any CPU.ActiveCfg = Release|Any CPU
		{DA4F29AC-9003-438B-9BF2-24EFBAC0F24F}.Release|Any CPU.Build.0 = Release|Any CPU
	EndGlobalSection
	GlobalSection(SolutionProperties) = preSolution
		HideSolutionNode = FALSE
	EndGlobalSection
	GlobalSection(ExtensibilityGlobals) = postSolution
		SolutionGuid = {E9E1D9D5-B79A-43D2-817B-3B38FD548FE4}
	EndGlobalSection
EndGlobal
