
Microsoft Visual Studio Solution File, Format Version 12.00
# Visual Studio Version 16
VisualStudioVersion = 16.0.30717.126
MinimumVisualStudioVersion = 10.0.40219.1
Project("{FAE04EC0-301F-11D3-BF4B-00C04F79EFBC}") = "LambdaExpression", "LambdaExpression\LambdaExpression.csproj", "{EF328F87-63FB-48AE-8793-EB825C899397}"
EndProject
Global
	GlobalSection(SolutionConfigurationPlatforms) = preSolution
		Debug|Any CPU = Debug|Any CPU
		Release|Any CPU = Release|Any CPU
	EndGlobalSection
	GlobalSection(ProjectConfigurationPlatforms) = postSolution
		{EF328F87-63FB-48AE-8793-EB825C899397}.Debug|Any CPU.ActiveCfg = Debug|Any CPU
		{EF328F87-63FB-48AE-8793-EB825C899397}.Debug|Any CPU.Build.0 = Debug|Any CPU
		{EF328F87-63FB-48AE-8793-EB825C899397}.Release|Any CPU.ActiveCfg = Release|Any CPU
		{EF328F87-63FB-48AE-8793-EB825C899397}.Release|Any CPU.Build.0 = Release|Any CPU
	EndGlobalSection
	GlobalSection(SolutionProperties) = preSolution
		HideSolutionNode = FALSE
	EndGlobalSection
	GlobalSection(ExtensibilityGlobals) = postSolution
		SolutionGuid = {F175E76E-72B7-48C6-8602-4141619943E6}
	EndGlobalSection
EndGlobal
