
Microsoft Visual Studio Solution File, Format Version 12.00
# Visual Studio Version 16
VisualStudioVersion = 16.0.30621.155
MinimumVisualStudioVersion = 10.0.40219.1
Project("{FAE04EC0-301F-11D3-BF4B-00C04F79EFBC}") = "ConsoleAppPg204", "ConsoleAppPg204\ConsoleAppPg204.csproj", "{AA7E9B3E-B72E-4C75-B29F-796EE027FBAC}"
EndProject
Global
	GlobalSection(SolutionConfigurationPlatforms) = preSolution
		Debug|Any CPU = Debug|Any CPU
		Release|Any CPU = Release|Any CPU
	EndGlobalSection
	GlobalSection(ProjectConfigurationPlatforms) = postSolution
		{AA7E9B3E-B72E-4C75-B29F-796EE027FBAC}.Debug|Any CPU.ActiveCfg = Debug|Any CPU
		{AA7E9B3E-B72E-4C75-B29F-796EE027FBAC}.Debug|Any CPU.Build.0 = Debug|Any CPU
		{AA7E9B3E-B72E-4C75-B29F-796EE027FBAC}.Release|Any CPU.ActiveCfg = Release|Any CPU
		{AA7E9B3E-B72E-4C75-B29F-796EE027FBAC}.Release|Any CPU.Build.0 = Release|Any CPU
	EndGlobalSection
	GlobalSection(SolutionProperties) = preSolution
		HideSolutionNode = FALSE
	EndGlobalSection
	GlobalSection(ExtensibilityGlobals) = postSolution
		SolutionGuid = {DF56A641-50D6-441E-B206-9D8E4A78B245}
	EndGlobalSection
EndGlobal
