
Microsoft Visual Studio Solution File, Format Version 12.00
# Visual Studio Version 16
VisualStudioVersion = 16.0.30621.155
MinimumVisualStudioVersion = 10.0.40219.1
Project("{FAE04EC0-301F-11D3-BF4B-00C04F79EFBC}") = "MethodOverload", "MethodOverload\MethodOverload.csproj", "{44B68147-426A-4031-A46F-48845F97321F}"
EndProject
Global
	GlobalSection(SolutionConfigurationPlatforms) = preSolution
		Debug|Any CPU = Debug|Any CPU
		Release|Any CPU = Release|Any CPU
	EndGlobalSection
	GlobalSection(ProjectConfigurationPlatforms) = postSolution
		{44B68147-426A-4031-A46F-48845F97321F}.Debug|Any CPU.ActiveCfg = Debug|Any CPU
		{44B68147-426A-4031-A46F-48845F97321F}.Debug|Any CPU.Build.0 = Debug|Any CPU
		{44B68147-426A-4031-A46F-48845F97321F}.Release|Any CPU.ActiveCfg = Release|Any CPU
		{44B68147-426A-4031-A46F-48845F97321F}.Release|Any CPU.Build.0 = Release|Any CPU
	EndGlobalSection
	GlobalSection(SolutionProperties) = preSolution
		HideSolutionNode = FALSE
	EndGlobalSection
	GlobalSection(ExtensibilityGlobals) = postSolution
		SolutionGuid = {9CA9A9E2-CE1D-4380-873C-0722D6BA5101}
	EndGlobalSection
EndGlobal
