
Microsoft Visual Studio Solution File, Format Version 12.00
# Visual Studio Version 16
VisualStudioVersion = 16.0.30621.155
MinimumVisualStudioVersion = 10.0.40219.1
Project("{FAE04EC0-301F-11D3-BF4B-00C04F79EFBC}") = "VariableAndDataTypes", "VariableAndDataTypes\VariableAndDataTypes.csproj", "{6C805B49-A9D8-48B1-B9D6-DF65E56450FC}"
EndProject
Global
	GlobalSection(SolutionConfigurationPlatforms) = preSolution
		Debug|Any CPU = Debug|Any CPU
		Release|Any CPU = Release|Any CPU
	EndGlobalSection
	GlobalSection(ProjectConfigurationPlatforms) = postSolution
		{6C805B49-A9D8-48B1-B9D6-DF65E56450FC}.Debug|Any CPU.ActiveCfg = Debug|Any CPU
		{6C805B49-A9D8-48B1-B9D6-DF65E56450FC}.Debug|Any CPU.Build.0 = Debug|Any CPU
		{6C805B49-A9D8-48B1-B9D6-DF65E56450FC}.Release|Any CPU.ActiveCfg = Release|Any CPU
		{6C805B49-A9D8-48B1-B9D6-DF65E56450FC}.Release|Any CPU.Build.0 = Release|Any CPU
	EndGlobalSection
	GlobalSection(SolutionProperties) = preSolution
		HideSolutionNode = FALSE
	EndGlobalSection
	GlobalSection(ExtensibilityGlobals) = postSolution
		SolutionGuid = {2B2B1A8E-8D0E-4CE7-83EC-F3B0BBBB317A}
	EndGlobalSection
EndGlobal
