
Microsoft Visual Studio Solution File, Format Version 12.00
# Visual Studio Version 16
VisualStudioVersion = 16.0.30621.155
MinimumVisualStudioVersion = 10.0.40219.1
Project("{FAE04EC0-301F-11D3-BF4B-00C04F79EFBC}") = "myConsoleProject.cs", "myConsoleProject.cs\myConsoleProject.cs.csproj", "{D7B30785-E07B-4A17-992E-CCD873F6A6EA}"
EndProject
Global
	GlobalSection(SolutionConfigurationPlatforms) = preSolution
		Debug|Any CPU = Debug|Any CPU
		Release|Any CPU = Release|Any CPU
	EndGlobalSection
	GlobalSection(ProjectConfigurationPlatforms) = postSolution
		{D7B30785-E07B-4A17-992E-CCD873F6A6EA}.Debug|Any CPU.ActiveCfg = Debug|Any CPU
		{D7B30785-E07B-4A17-992E-CCD873F6A6EA}.Debug|Any CPU.Build.0 = Debug|Any CPU
		{D7B30785-E07B-4A17-992E-CCD873F6A6EA}.Release|Any CPU.ActiveCfg = Release|Any CPU
		{D7B30785-E07B-4A17-992E-CCD873F6A6EA}.Release|Any CPU.Build.0 = Release|Any CPU
	EndGlobalSection
	GlobalSection(SolutionProperties) = preSolution
		HideSolutionNode = FALSE
	EndGlobalSection
	GlobalSection(ExtensibilityGlobals) = postSolution
		SolutionGuid = {73CEF22A-2661-4441-987D-F69822B1388B}
	EndGlobalSection
EndGlobal
