
Microsoft Visual Studio Solution File, Format Version 12.00
# Visual Studio Version 16
VisualStudioVersion = 16.0.30621.155
MinimumVisualStudioVersion = 10.0.40219.1
Project("{FAE04EC0-301F-11D3-BF4B-00C04F79EFBC}") = "SuperClass", "SuperClass\SuperClass.csproj", "{EC01F6CD-FA4D-4E1F-A86B-C07570C9C290}"
EndProject
Global
	GlobalSection(SolutionConfigurationPlatforms) = preSolution
		Debug|Any CPU = Debug|Any CPU
		Release|Any CPU = Release|Any CPU
	EndGlobalSection
	GlobalSection(ProjectConfigurationPlatforms) = postSolution
		{EC01F6CD-FA4D-4E1F-A86B-C07570C9C290}.Debug|Any CPU.ActiveCfg = Debug|Any CPU
		{EC01F6CD-FA4D-4E1F-A86B-C07570C9C290}.Debug|Any CPU.Build.0 = Debug|Any CPU
		{EC01F6CD-FA4D-4E1F-A86B-C07570C9C290}.Release|Any CPU.ActiveCfg = Release|Any CPU
		{EC01F6CD-FA4D-4E1F-A86B-C07570C9C290}.Release|Any CPU.Build.0 = Release|Any CPU
	EndGlobalSection
	GlobalSection(SolutionProperties) = preSolution
		HideSolutionNode = FALSE
	EndGlobalSection
	GlobalSection(ExtensibilityGlobals) = postSolution
		SolutionGuid = {29C46493-EF59-4273-943D-3CF65C8FC6D4}
	EndGlobalSection
EndGlobal
