
Microsoft Visual Studio Solution File, Format Version 12.00
# Visual Studio Version 16
VisualStudioVersion = 16.0.30621.155
MinimumVisualStudioVersion = 10.0.40219.1
Project("{FAE04EC0-301F-11D3-BF4B-00C04F79EFBC}") = "BooleanComparisons", "BooleanComparisons\BooleanComparisons.csproj", "{D44508F2-9EA0-4D73-99D8-7CF1E521B613}"
EndProject
Global
	GlobalSection(SolutionConfigurationPlatforms) = preSolution
		Debug|Any CPU = Debug|Any CPU
		Release|Any CPU = Release|Any CPU
	EndGlobalSection
	GlobalSection(ProjectConfigurationPlatforms) = postSolution
		{D44508F2-9EA0-4D73-99D8-7CF1E521B613}.Debug|Any CPU.ActiveCfg = Debug|Any CPU
		{D44508F2-9EA0-4D73-99D8-7CF1E521B613}.Debug|Any CPU.Build.0 = Debug|Any CPU
		{D44508F2-9EA0-4D73-99D8-7CF1E521B613}.Release|Any CPU.ActiveCfg = Release|Any CPU
		{D44508F2-9EA0-4D73-99D8-7CF1E521B613}.Release|Any CPU.Build.0 = Release|Any CPU
	EndGlobalSection
	GlobalSection(SolutionProperties) = preSolution
		HideSolutionNode = FALSE
	EndGlobalSection
	GlobalSection(ExtensibilityGlobals) = postSolution
		SolutionGuid = {3F720F4C-380C-40EA-ABFC-FC71AE0C9FBF}
	EndGlobalSection
EndGlobal
